{
  "version": 4,
  "terraform_version": "0.12.20",
  "serial": 31,
  "lineage": "f8002e24-5999-e6e6-3cbd-6f7c0f95ad1c",
  "outputs": {
    "this_sqs_queue_arn": {
      "value": "arn:aws:sqs:us-east-1:000000000000:test-sqs-lnwo5z",
      "type": "string"
    },
    "this_sqs_queue_id": {
      "value": "http://localhost:4576/queue/test-sqs-lnwo5z",
      "type": "string"
    },
    "this_sqs_queue_name": {
      "value": "test-sqs-lnwo5z",
      "type": "string"
    }
  },
  "resources": [
    {
      "module": "module.sqs",
      "mode": "data",
      "type": "aws_arn",
      "name": "this",
      "each": "list",
      "provider": "provider.aws",
      "instances": [
        {
          "index_key": 0,
          "schema_version": 0,
          "attributes": {
            "account": "000000000000",
            "arn": "arn:aws:sqs:us-east-1:000000000000:test-sqs-lnwo5z",
            "id": "arn:aws:sqs:us-east-1:000000000000:test-sqs-lnwo5z",
            "partition": "aws",
            "region": "us-east-1",
            "resource": "test-sqs-lnwo5z",
            "service": "sqs"
          }
        }
      ]
    },
    {
      "module": "module.sqs",
      "mode": "managed",
      "type": "aws_sqs_queue",
      "name": "this",
      "each": "list",
      "provider": "provider.aws",
      "instances": [
        {
          "index_key": 0,
          "schema_version": 0,
          "attributes": {
            "arn": "arn:aws:sqs:us-east-1:000000000000:test-sqs-lnwo5z",
            "content_based_deduplication": false,
            "delay_seconds": 0,
            "fifo_queue": false,
            "id": "http://localhost:4576/queue/test-sqs-lnwo5z",
            "kms_data_key_reuse_period_seconds": 300,
            "kms_master_key_id": "",
            "max_message_size": 262144,
            "message_retention_seconds": 345600,
            "name": "test-sqs-lnwo5z",
            "name_prefix": null,
            "policy": "",
            "receive_wait_time_seconds": 0,
            "redrive_policy": "",
            "tags": {},
            "visibility_timeout_seconds": 30
          },
          "private": "bnVsbA=="
        }
      ]
    }
  ]
}
